// !$*UTF8*$!
{
	archiveVersion = 1;
	classes = {
	};
	objectVersion = 51;
	objects = {

/* Begin PBXBuildFile section */
		2D02CAF82348CBBA0078BE24 /* ListTableViewCell.swift in Sources */ = {isa = PBXBuildFile; fileRef = 2D02CAF62348CBBA0078BE24 /* ListTableViewCell.swift */; };
		2D02CAF92348CBBA0078BE24 /* ListTableViewCell.xib in Resources */ = {isa = PBXBuildFile; fileRef = 2D02CAF72348CBBA0078BE24 /* ListTableViewCell.xib */; };
		2D02CAFC2348D3090078BE24 /* ListCellPresenter.swift in Sources */ = {isa = PBXBuildFile; fileRef = 2D02CAFB2348D3090078BE24 /* ListCellPresenter.swift */; };
		2D3070BE2345F0850023D8DB /* FireBaseManager.swift in Sources */ = {isa = PBXBuildFile; fileRef = 2D3070BD2345F0850023D8DB /* FireBaseManager.swift */; };
		2D3070C12345FA5F0023D8DB /* AddItemViewController.swift in Sources */ = {isa = PBXBuildFile; fileRef = 2D3070BF2345FA5F0023D8DB /* AddItemViewController.swift */; };
		2D3070C22345FA5F0023D8DB /* AddItemViewController.xib in Resources */ = {isa = PBXBuildFile; fileRef = 2D3070C02345FA5F0023D8DB /* AddItemViewController.xib */; };
		2D3070C52345FA800023D8DB /* AddItemPresenter.swift in Sources */ = {isa = PBXBuildFile; fileRef = 2D3070C42345FA800023D8DB /* AddItemPresenter.swift */; };
		2D81071D2344F1DA00768D23 /* ForgottenPasswordViewController.swift in Sources */ = {isa = PBXBuildFile; fileRef = 2D81071B2344F1D900768D23 /* ForgottenPasswordViewController.swift */; };
		2D81071E2344F1DA00768D23 /* ForgottenPasswordViewController.xib in Resources */ = {isa = PBXBuildFile; fileRef = 2D81071C2344F1DA00768D23 /* ForgottenPasswordViewController.xib */; };
		2D8107212344F5A900768D23 /* ForgottenPasswordPresenter.swift in Sources */ = {isa = PBXBuildFile; fileRef = 2D8107202344F5A900768D23 /* ForgottenPasswordPresenter.swift */; };
		2D810724234501F200768D23 /* BaseViewController.swift in Sources */ = {isa = PBXBuildFile; fileRef = 2D810723234501F200768D23 /* BaseViewController.swift */; };
		2D9E5EC123462A10003B4E5C /* LoginPresenterTest.swift in Sources */ = {isa = PBXBuildFile; fileRef = 2D9E5EC023462A10003B4E5C /* LoginPresenterTest.swift */; };
		2D9E5EC32346498F003B4E5C /* FireBaseManagerAuthMock.swift in Sources */ = {isa = PBXBuildFile; fileRef = 2D9E5EC22346498F003B4E5C /* FireBaseManagerAuthMock.swift */; };
		2D9E5EC523469A60003B4E5C /* RegisterPresenterTest.swift in Sources */ = {isa = PBXBuildFile; fileRef = 2D9E5EC423469A60003B4E5C /* RegisterPresenterTest.swift */; };
		3820940025ADDF3AD7355B2C /* Pods_Demo_Babylon_TestTests.framework in Frameworks */ = {isa = PBXBuildFile; fileRef = B0D26C5A2AAFD1A870BAAAED /* Pods_Demo_Babylon_TestTests.framework */; };
		851286B7303B1164153E709E /* Pods_Demo_Babylon_Test.framework in Frameworks */ = {isa = PBXBuildFile; fileRef = AEF1E83D127AB746A24F7149 /* Pods_Demo_Babylon_Test.framework */; };
		D67E8F382340D83200C11C35 /* GoogleService-Info.plist in Resources */ = {isa = PBXBuildFile; fileRef = D67E8F372340D83200C11C35 /* GoogleService-Info.plist */; };
		D67E8F3D2340E44400C11C35 /* FirebaseManagerAuth.swift in Sources */ = {isa = PBXBuildFile; fileRef = D67E8F3C2340E44400C11C35 /* FirebaseManagerAuth.swift */; };
		D69B21D4234530E1006C2030 /* LoginViewController.xib in Resources */ = {isa = PBXBuildFile; fileRef = D69B21D3234530E1006C2030 /* LoginViewController.xib */; };
		D69B21D9234541CD006C2030 /* ListTableViewController.swift in Sources */ = {isa = PBXBuildFile; fileRef = D69B21D7234541CD006C2030 /* ListTableViewController.swift */; };
		D69B21DA234541CD006C2030 /* ListTableViewController.xib in Resources */ = {isa = PBXBuildFile; fileRef = D69B21D8234541CD006C2030 /* ListTableViewController.xib */; };
		D69B21DF23479E12006C2030 /* ForgottenPasswordPresenterTest.swift in Sources */ = {isa = PBXBuildFile; fileRef = D69B21DE23479E12006C2030 /* ForgottenPasswordPresenterTest.swift */; };
		D69B21E12347B05A006C2030 /* AddItemPresenterTest.swift in Sources */ = {isa = PBXBuildFile; fileRef = D69B21E02347B05A006C2030 /* AddItemPresenterTest.swift */; };
		D6BB0562233FA3EE00FA8953 /* AppDelegate.swift in Sources */ = {isa = PBXBuildFile; fileRef = D6BB0561233FA3EE00FA8953 /* AppDelegate.swift */; };
		D6BB0564233FA3EE00FA8953 /* SceneDelegate.swift in Sources */ = {isa = PBXBuildFile; fileRef = D6BB0563233FA3EE00FA8953 /* SceneDelegate.swift */; };
		D6BB056B233FA3EF00FA8953 /* Assets.xcassets in Resources */ = {isa = PBXBuildFile; fileRef = D6BB056A233FA3EF00FA8953 /* Assets.xcassets */; };
		D6BB056E233FA3EF00FA8953 /* LaunchScreen.storyboard in Resources */ = {isa = PBXBuildFile; fileRef = D6BB056C233FA3EF00FA8953 /* LaunchScreen.storyboard */; };
		D6BB0579233FA3F000FA8953 /* Demo_Babylon_TestTests.swift in Sources */ = {isa = PBXBuildFile; fileRef = D6BB0578233FA3F000FA8953 /* Demo_Babylon_TestTests.swift */; };
		D6BB058A233FA57700FA8953 /* LoginViewController.swift in Sources */ = {isa = PBXBuildFile; fileRef = D6BB0588233FA57700FA8953 /* LoginViewController.swift */; };
		D6BB058E233FD3A200FA8953 /* LoginPresenter.swift in Sources */ = {isa = PBXBuildFile; fileRef = D6BB058D233FD3A200FA8953 /* LoginPresenter.swift */; };
		D6BB0591233FE6B800FA8953 /* RegisterViewController.swift in Sources */ = {isa = PBXBuildFile; fileRef = D6BB058F233FE6B800FA8953 /* RegisterViewController.swift */; };
		D6BB0592233FE6B800FA8953 /* RegisterViewController.xib in Resources */ = {isa = PBXBuildFile; fileRef = D6BB0590233FE6B800FA8953 /* RegisterViewController.xib */; };
		D6BB0595233FE81100FA8953 /* RegisterPresenter.swift in Sources */ = {isa = PBXBuildFile; fileRef = D6BB0594233FE81100FA8953 /* RegisterPresenter.swift */; };
/* End PBXBuildFile section */

/* Begin PBXContainerItemProxy section */
		D6BB0575233FA3F000FA8953 /* PBXContainerItemProxy */ = {
			isa = PBXContainerItemProxy;
			containerPortal = D6BB0556233FA3EE00FA8953 /* Project object */;
			proxyType = 1;
			remoteGlobalIDString = D6BB055D233FA3EE00FA8953;
			remoteInfo = "Demo-Babylon-Test";
		};
/* End PBXContainerItemProxy section */

/* Begin PBXFileReference section */
		03325BD627BE7E6AC404A502 /* Pods-Demo-Babylon-Test.debug.xcconfig */ = {isa = PBXFileReference; includeInIndex = 1; lastKnownFileType = text.xcconfig; name = "Pods-Demo-Babylon-Test.debug.xcconfig"; path = "Target Support Files/Pods-Demo-Babylon-Test/Pods-Demo-Babylon-Test.debug.xcconfig"; sourceTree = "<group>"; };
		2D02CAF62348CBBA0078BE24 /* ListTableViewCell.swift */ = {isa = PBXFileReference; lastKnownFileType = sourcecode.swift; path = ListTableViewCell.swift; sourceTree = "<group>"; };
		2D02CAF72348CBBA0078BE24 /* ListTableViewCell.xib */ = {isa = PBXFileReference; lastKnownFileType = file.xib; path = ListTableViewCell.xib; sourceTree = "<group>"; };
		2D02CAFB2348D3090078BE24 /* ListCellPresenter.swift */ = {isa = PBXFileReference; lastKnownFileType = sourcecode.swift; path = ListCellPresenter.swift; sourceTree = "<group>"; };
		2D3070BD2345F0850023D8DB /* FireBaseManager.swift */ = {isa = PBXFileReference; lastKnownFileType = sourcecode.swift; path = FireBaseManager.swift; sourceTree = "<group>"; };
		2D3070BF2345FA5F0023D8DB /* AddItemViewController.swift */ = {isa = PBXFileReference; lastKnownFileType = sourcecode.swift; path = AddItemViewController.swift; sourceTree = "<group>"; };
		2D3070C02345FA5F0023D8DB /* AddItemViewController.xib */ = {isa = PBXFileReference; lastKnownFileType = file.xib; path = AddItemViewController.xib; sourceTree = "<group>"; };
		2D3070C42345FA800023D8DB /* AddItemPresenter.swift */ = {isa = PBXFileReference; lastKnownFileType = sourcecode.swift; path = AddItemPresenter.swift; sourceTree = "<group>"; };
		2D81071B2344F1D900768D23 /* ForgottenPasswordViewController.swift */ = {isa = PBXFileReference; lastKnownFileType = sourcecode.swift; path = ForgottenPasswordViewController.swift; sourceTree = "<group>"; };
		2D81071C2344F1DA00768D23 /* ForgottenPasswordViewController.xib */ = {isa = PBXFileReference; lastKnownFileType = file.xib; path = ForgottenPasswordViewController.xib; sourceTree = "<group>"; };
		2D8107202344F5A900768D23 /* ForgottenPasswordPresenter.swift */ = {isa = PBXFileReference; lastKnownFileType = sourcecode.swift; path = ForgottenPasswordPresenter.swift; sourceTree = "<group>"; };
		2D810723234501F200768D23 /* BaseViewController.swift */ = {isa = PBXFileReference; lastKnownFileType = sourcecode.swift; path = BaseViewController.swift; sourceTree = "<group>"; };
		2D9E5EC023462A10003B4E5C /* LoginPresenterTest.swift */ = {isa = PBXFileReference; lastKnownFileType = sourcecode.swift; path = LoginPresenterTest.swift; sourceTree = "<group>"; };
		2D9E5EC22346498F003B4E5C /* FireBaseManagerAuthMock.swift */ = {isa = PBXFileReference; lastKnownFileType = sourcecode.swift; path = FireBaseManagerAuthMock.swift; sourceTree = "<group>"; };
		2D9E5EC423469A60003B4E5C /* RegisterPresenterTest.swift */ = {isa = PBXFileReference; lastKnownFileType = sourcecode.swift; path = RegisterPresenterTest.swift; sourceTree = "<group>"; };
		AEF1E83D127AB746A24F7149 /* Pods_Demo_Babylon_Test.framework */ = {isa = PBXFileReference; explicitFileType = wrapper.framework; includeInIndex = 0; path = Pods_Demo_Babylon_Test.framework; sourceTree = BUILT_PRODUCTS_DIR; };
		B0D26C5A2AAFD1A870BAAAED /* Pods_Demo_Babylon_TestTests.framework */ = {isa = PBXFileReference; explicitFileType = wrapper.framework; includeInIndex = 0; path = Pods_Demo_Babylon_TestTests.framework; sourceTree = BUILT_PRODUCTS_DIR; };
		B748F096E125A6E48317523D /* Pods-Demo-Babylon-TestTests.debug.xcconfig */ = {isa = PBXFileReference; includeInIndex = 1; lastKnownFileType = text.xcconfig; name = "Pods-Demo-Babylon-TestTests.debug.xcconfig"; path = "Target Support Files/Pods-Demo-Babylon-TestTests/Pods-Demo-Babylon-TestTests.debug.xcconfig"; sourceTree = "<group>"; };
		D67E8F372340D83200C11C35 /* GoogleService-Info.plist */ = {isa = PBXFileReference; fileEncoding = 4; lastKnownFileType = text.plist.xml; path = "GoogleService-Info.plist"; sourceTree = "<group>"; };
		D67E8F3C2340E44400C11C35 /* FirebaseManagerAuth.swift */ = {isa = PBXFileReference; lastKnownFileType = sourcecode.swift; path = FirebaseManagerAuth.swift; sourceTree = "<group>"; };
		D69B21D3234530E1006C2030 /* LoginViewController.xib */ = {isa = PBXFileReference; lastKnownFileType = file.xib; path = LoginViewController.xib; sourceTree = "<group>"; };
		D69B21D7234541CD006C2030 /* ListTableViewController.swift */ = {isa = PBXFileReference; lastKnownFileType = sourcecode.swift; path = ListTableViewController.swift; sourceTree = "<group>"; };
		D69B21D8234541CD006C2030 /* ListTableViewController.xib */ = {isa = PBXFileReference; lastKnownFileType = file.xib; path = ListTableViewController.xib; sourceTree = "<group>"; };
		D69B21DE23479E12006C2030 /* ForgottenPasswordPresenterTest.swift */ = {isa = PBXFileReference; lastKnownFileType = sourcecode.swift; path = ForgottenPasswordPresenterTest.swift; sourceTree = "<group>"; };
		D69B21E02347B05A006C2030 /* AddItemPresenterTest.swift */ = {isa = PBXFileReference; lastKnownFileType = sourcecode.swift; path = AddItemPresenterTest.swift; sourceTree = "<group>"; };
		D6BB055E233FA3EE00FA8953 /* Demo-Babylon-Test.app */ = {isa = PBXFileReference; explicitFileType = wrapper.application; includeInIndex = 0; path = "Demo-Babylon-Test.app"; sourceTree = BUILT_PRODUCTS_DIR; };
		D6BB0561233FA3EE00FA8953 /* AppDelegate.swift */ = {isa = PBXFileReference; lastKnownFileType = sourcecode.swift; path = AppDelegate.swift; sourceTree = "<group>"; };
		D6BB0563233FA3EE00FA8953 /* SceneDelegate.swift */ = {isa = PBXFileReference; lastKnownFileType = sourcecode.swift; path = SceneDelegate.swift; sourceTree = "<group>"; };
		D6BB056A233FA3EF00FA8953 /* Assets.xcassets */ = {isa = PBXFileReference; lastKnownFileType = folder.assetcatalog; path = Assets.xcassets; sourceTree = "<group>"; };
		D6BB056D233FA3EF00FA8953 /* Base */ = {isa = PBXFileReference; lastKnownFileType = file.storyboard; name = Base; path = Base.lproj/LaunchScreen.storyboard; sourceTree = "<group>"; };
		D6BB056F233FA3EF00FA8953 /* Info.plist */ = {isa = PBXFileReference; lastKnownFileType = text.plist.xml; path = Info.plist; sourceTree = "<group>"; };
		D6BB0574233FA3F000FA8953 /* Demo-Babylon-TestTests.xctest */ = {isa = PBXFileReference; explicitFileType = wrapper.cfbundle; includeInIndex = 0; path = "Demo-Babylon-TestTests.xctest"; sourceTree = BUILT_PRODUCTS_DIR; };
		D6BB0578233FA3F000FA8953 /* Demo_Babylon_TestTests.swift */ = {isa = PBXFileReference; lastKnownFileType = sourcecode.swift; path = Demo_Babylon_TestTests.swift; sourceTree = "<group>"; };
		D6BB057A233FA3F000FA8953 /* Info.plist */ = {isa = PBXFileReference; lastKnownFileType = text.plist.xml; path = Info.plist; sourceTree = "<group>"; };
		D6BB0588233FA57700FA8953 /* LoginViewController.swift */ = {isa = PBXFileReference; lastKnownFileType = sourcecode.swift; path = LoginViewController.swift; sourceTree = "<group>"; };
		D6BB058D233FD3A200FA8953 /* LoginPresenter.swift */ = {isa = PBXFileReference; lastKnownFileType = sourcecode.swift; path = LoginPresenter.swift; sourceTree = "<group>"; };
		D6BB058F233FE6B800FA8953 /* RegisterViewController.swift */ = {isa = PBXFileReference; lastKnownFileType = sourcecode.swift; path = RegisterViewController.swift; sourceTree = "<group>"; };
		D6BB0590233FE6B800FA8953 /* RegisterViewController.xib */ = {isa = PBXFileReference; lastKnownFileType = file.xib; path = RegisterViewController.xib; sourceTree = "<group>"; };
		D6BB0594233FE81100FA8953 /* RegisterPresenter.swift */ = {isa = PBXFileReference; lastKnownFileType = sourcecode.swift; path = RegisterPresenter.swift; sourceTree = "<group>"; };
		D875AF601EC84ABB978C58DD /* Pods-Demo-Babylon-TestTests.release.xcconfig */ = {isa = PBXFileReference; includeInIndex = 1; lastKnownFileType = text.xcconfig; name = "Pods-Demo-Babylon-TestTests.release.xcconfig"; path = "Target Support Files/Pods-Demo-Babylon-TestTests/Pods-Demo-Babylon-TestTests.release.xcconfig"; sourceTree = "<group>"; };
		F7905B58A439621EF6DAA1ED /* Pods-Demo-Babylon-Test.release.xcconfig */ = {isa = PBXFileReference; includeInIndex = 1; lastKnownFileType = text.xcconfig; name = "Pods-Demo-Babylon-Test.release.xcconfig"; path = "Target Support Files/Pods-Demo-Babylon-Test/Pods-Demo-Babylon-Test.release.xcconfig"; sourceTree = "<group>"; };
/* End PBXFileReference section */

/* Begin PBXFrameworksBuildPhase section */
		D6BB055B233FA3EE00FA8953 /* Frameworks */ = {
			isa = PBXFrameworksBuildPhase;
			buildActionMask = 2147483647;
			files = (
				851286B7303B1164153E709E /* Pods_Demo_Babylon_Test.framework in Frameworks */,
			);
			runOnlyForDeploymentPostprocessing = 0;
		};
		D6BB0571233FA3F000FA8953 /* Frameworks */ = {
			isa = PBXFrameworksBuildPhase;
			buildActionMask = 2147483647;
			files = (
				3820940025ADDF3AD7355B2C /* Pods_Demo_Babylon_TestTests.framework in Frameworks */,
			);
			runOnlyForDeploymentPostprocessing = 0;
		};
/* End PBXFrameworksBuildPhase section */

/* Begin PBXGroup section */
		2D02CAFA2348CBBF0078BE24 /* Cell */ = {
			isa = PBXGroup;
			children = (
				2D02CAF62348CBBA0078BE24 /* ListTableViewCell.swift */,
				2D02CAFB2348D3090078BE24 /* ListCellPresenter.swift */,
				2D02CAF72348CBBA0078BE24 /* ListTableViewCell.xib */,
			);
			path = Cell;
			sourceTree = "<group>";
		};
		2D3070C32345FA620023D8DB /* Add Item View */ = {
			isa = PBXGroup;
			children = (
				2D3070BF2345FA5F0023D8DB /* AddItemViewController.swift */,
				2D3070C02345FA5F0023D8DB /* AddItemViewController.xib */,
				2D3070C42345FA800023D8DB /* AddItemPresenter.swift */,
				D69B21E02347B05A006C2030 /* AddItemPresenterTest.swift */,
			);
			path = "Add Item View";
			sourceTree = "<group>";
		};
		2D81071F2344F4DF00768D23 /* Forgotten Password Screen */ = {
			isa = PBXGroup;
			children = (
				2D81071B2344F1D900768D23 /* ForgottenPasswordViewController.swift */,
				2D81071C2344F1DA00768D23 /* ForgottenPasswordViewController.xib */,
				2D8107202344F5A900768D23 /* ForgottenPasswordPresenter.swift */,
				D69B21DE23479E12006C2030 /* ForgottenPasswordPresenterTest.swift */,
			);
			path = "Forgotten Password Screen";
			sourceTree = "<group>";
		};
		2D8107222345006400768D23 /* Firebase Manager */ = {
			isa = PBXGroup;
			children = (
				D67E8F3C2340E44400C11C35 /* FirebaseManagerAuth.swift */,
				2D3070BD2345F0850023D8DB /* FireBaseManager.swift */,
				2D9E5EC22346498F003B4E5C /* FireBaseManagerAuthMock.swift */,
			);
			path = "Firebase Manager";
			sourceTree = "<group>";
		};
		585BD8A477F5FF3C2716A993 /* Pods */ = {
			isa = PBXGroup;
			children = (
				03325BD627BE7E6AC404A502 /* Pods-Demo-Babylon-Test.debug.xcconfig */,
				F7905B58A439621EF6DAA1ED /* Pods-Demo-Babylon-Test.release.xcconfig */,
				B748F096E125A6E48317523D /* Pods-Demo-Babylon-TestTests.debug.xcconfig */,
				D875AF601EC84ABB978C58DD /* Pods-Demo-Babylon-TestTests.release.xcconfig */,
			);
			path = Pods;
			sourceTree = "<group>";
		};
		D69B21D2234530A7006C2030 /* Base VC */ = {
			isa = PBXGroup;
			children = (
				2D810723234501F200768D23 /* BaseViewController.swift */,
			);
			path = "Base VC";
			sourceTree = "<group>";
		};
		D69B21DB234541D0006C2030 /* List View */ = {
			isa = PBXGroup;
			children = (
				D69B21D7234541CD006C2030 /* ListTableViewController.swift */,
				D69B21D8234541CD006C2030 /* ListTableViewController.xib */,
				2D02CAFA2348CBBF0078BE24 /* Cell */,
			);
			path = "List View";
			sourceTree = "<group>";
		};
		D6BB0555233FA3EE00FA8953 = {
			isa = PBXGroup;
			children = (
				D6BB0560233FA3EE00FA8953 /* Demo-Babylon-Test */,
				D6BB0577233FA3F000FA8953 /* Demo-Babylon-TestTests */,
				D6BB055F233FA3EE00FA8953 /* Products */,
				585BD8A477F5FF3C2716A993 /* Pods */,
				E800E654A05A3726EA0B5EC9 /* Frameworks */,
			);
			sourceTree = "<group>";
		};
		D6BB055F233FA3EE00FA8953 /* Products */ = {
			isa = PBXGroup;
			children = (
				D6BB055E233FA3EE00FA8953 /* Demo-Babylon-Test.app */,
				D6BB0574233FA3F000FA8953 /* Demo-Babylon-TestTests.xctest */,
			);
			name = Products;
			sourceTree = "<group>";
		};
		D6BB0560233FA3EE00FA8953 /* Demo-Babylon-Test */ = {
			isa = PBXGroup;
			children = (
				D6BB0561233FA3EE00FA8953 /* AppDelegate.swift */,
				D6BB0563233FA3EE00FA8953 /* SceneDelegate.swift */,
				2D3070C32345FA620023D8DB /* Add Item View */,
				D69B21DB234541D0006C2030 /* List View */,
				D69B21D2234530A7006C2030 /* Base VC */,
				2D8107222345006400768D23 /* Firebase Manager */,
				2D81071F2344F4DF00768D23 /* Forgotten Password Screen */,
				D6BB0593233FE6BE00FA8953 /* Register Screen */,
				D6BB058C233FD36C00FA8953 /* Login */,
				D6BB056A233FA3EF00FA8953 /* Assets.xcassets */,
				D6BB056C233FA3EF00FA8953 /* LaunchScreen.storyboard */,
				D6BB056F233FA3EF00FA8953 /* Info.plist */,
				D67E8F372340D83200C11C35 /* GoogleService-Info.plist */,
			);
			path = "Demo-Babylon-Test";
			sourceTree = "<group>";
		};
		D6BB0577233FA3F000FA8953 /* Demo-Babylon-TestTests */ = {
			isa = PBXGroup;
			children = (
				D6BB0578233FA3F000FA8953 /* Demo_Babylon_TestTests.swift */,
				D6BB057A233FA3F000FA8953 /* Info.plist */,
			);
			path = "Demo-Babylon-TestTests";
			sourceTree = "<group>";
		};
		D6BB058C233FD36C00FA8953 /* Login */ = {
			isa = PBXGroup;
			children = (
				D69B21D3234530E1006C2030 /* LoginViewController.xib */,
				D6BB0588233FA57700FA8953 /* LoginViewController.swift */,
				D6BB058D233FD3A200FA8953 /* LoginPresenter.swift */,
				2D9E5EC023462A10003B4E5C /* LoginPresenterTest.swift */,
			);
			path = Login;
			sourceTree = "<group>";
		};
		D6BB0593233FE6BE00FA8953 /* Register Screen */ = {
			isa = PBXGroup;
			children = (
				D6BB058F233FE6B800FA8953 /* RegisterViewController.swift */,
				D6BB0594233FE81100FA8953 /* RegisterPresenter.swift */,
				D6BB0590233FE6B800FA8953 /* RegisterViewController.xib */,
				2D9E5EC423469A60003B4E5C /* RegisterPresenterTest.swift */,
			);
			path = "Register Screen";
			sourceTree = "<group>";
		};
		E800E654A05A3726EA0B5EC9 /* Frameworks */ = {
			isa = PBXGroup;
			children = (
				AEF1E83D127AB746A24F7149 /* Pods_Demo_Babylon_Test.framework */,
				B0D26C5A2AAFD1A870BAAAED /* Pods_Demo_Babylon_TestTests.framework */,
			);
			name = Frameworks;
			sourceTree = "<group>";
		};
/* End PBXGroup section */

/* Begin PBXNativeTarget section */
		D6BB055D233FA3EE00FA8953 /* Demo-Babylon-Test */ = {
			isa = PBXNativeTarget;
			buildConfigurationList = D6BB057D233FA3F000FA8953 /* Build configuration list for PBXNativeTarget "Demo-Babylon-Test" */;
			buildPhases = (
				9B24A9CF6544371663E02AFA /* [CP] Check Pods Manifest.lock */,
				D6BB055A233FA3EE00FA8953 /* Sources */,
				D6BB055B233FA3EE00FA8953 /* Frameworks */,
				D6BB055C233FA3EE00FA8953 /* Resources */,
				90C04C413374ADE21949D674 /* [CP] Embed Pods Frameworks */,
			);
			buildRules = (
			);
			dependencies = (
			);
			name = "Demo-Babylon-Test";
			productName = "Demo-Babylon-Test";
			productReference = D6BB055E233FA3EE00FA8953 /* Demo-Babylon-Test.app */;
			productType = "com.apple.product-type.application";
		};
		D6BB0573233FA3F000FA8953 /* Demo-Babylon-TestTests */ = {
			isa = PBXNativeTarget;
			buildConfigurationList = D6BB0580233FA3F000FA8953 /* Build configuration list for PBXNativeTarget "Demo-Babylon-TestTests" */;
			buildPhases = (
				0F48C97E6839E8897DBB095C /* [CP] Check Pods Manifest.lock */,
				D6BB0570233FA3F000FA8953 /* Sources */,
				D6BB0571233FA3F000FA8953 /* Frameworks */,
				D6BB0572233FA3F000FA8953 /* Resources */,
			);
			buildRules = (
			);
			dependencies = (
				D6BB0576233FA3F000FA8953 /* PBXTargetDependency */,
			);
			name = "Demo-Babylon-TestTests";
			productName = "Demo-Babylon-TestTests";
			productReference = D6BB0574233FA3F000FA8953 /* Demo-Babylon-TestTests.xctest */;
			productType = "com.apple.product-type.bundle.unit-test";
		};
/* End PBXNativeTarget section */

/* Begin PBXProject section */
		D6BB0556233FA3EE00FA8953 /* Project object */ = {
			isa = PBXProject;
			attributes = {
				LastSwiftUpdateCheck = 1100;
				LastUpgradeCheck = 1100;
				ORGANIZATIONNAME = "antoine simon";
				TargetAttributes = {
					D6BB055D233FA3EE00FA8953 = {
						CreatedOnToolsVersion = 11.0;
					};
					D6BB0573233FA3F000FA8953 = {
						CreatedOnToolsVersion = 11.0;
						TestTargetID = D6BB055D233FA3EE00FA8953;
					};
				};
			};
			buildConfigurationList = D6BB0559233FA3EE00FA8953 /* Build configuration list for PBXProject "Demo-Babylon-Test" */;
			compatibilityVersion = "Xcode 9.3";
			developmentRegion = en;
			hasScannedForEncodings = 0;
			knownRegions = (
				en,
				Base,
			);
			mainGroup = D6BB0555233FA3EE00FA8953;
			productRefGroup = D6BB055F233FA3EE00FA8953 /* Products */;
			projectDirPath = "";
			projectRoot = "";
			targets = (
				D6BB055D233FA3EE00FA8953 /* Demo-Babylon-Test */,
				D6BB0573233FA3F000FA8953 /* Demo-Babylon-TestTests */,
			);
		};
/* End PBXProject section */

/* Begin PBXResourcesBuildPhase section */
		D6BB055C233FA3EE00FA8953 /* Resources */ = {
			isa = PBXResourcesBuildPhase;
			buildActionMask = 2147483647;
			files = (
				D69B21D4234530E1006C2030 /* LoginViewController.xib in Resources */,
				2D3070C22345FA5F0023D8DB /* AddItemViewController.xib in Resources */,
				2D81071E2344F1DA00768D23 /* ForgottenPasswordViewController.xib in Resources */,
				D6BB056E233FA3EF00FA8953 /* LaunchScreen.storyboard in Resources */,
				2D02CAF92348CBBA0078BE24 /* ListTableViewCell.xib in Resources */,
				D67E8F382340D83200C11C35 /* GoogleService-Info.plist in Resources */,
				D6BB056B233FA3EF00FA8953 /* Assets.xcassets in Resources */,
				D6BB0592233FE6B800FA8953 /* RegisterViewController.xib in Resources */,
				D69B21DA234541CD006C2030 /* ListTableViewController.xib in Resources */,
			);
			runOnlyForDeploymentPostprocessing = 0;
		};
		D6BB0572233FA3F000FA8953 /* Resources */ = {
			isa = PBXResourcesBuildPhase;
			buildActionMask = 2147483647;
			files = (
			);
			runOnlyForDeploymentPostprocessing = 0;
		};
/* End PBXResourcesBuildPhase section */

/* Begin PBXShellScriptBuildPhase section */
		0F48C97E6839E8897DBB095C /* [CP] Check Pods Manifest.lock */ = {
			isa = PBXShellScriptBuildPhase;
			buildActionMask = 2147483647;
			files = (
			);
			inputFileListPaths = (
			);
			inputPaths = (
				"${PODS_PODFILE_DIR_PATH}/Podfile.lock",
				"${PODS_ROOT}/Manifest.lock",
			);
			name = "[CP] Check Pods Manifest.lock";
			outputFileListPaths = (
			);
			outputPaths = (
				"$(DERIVED_FILE_DIR)/Pods-Demo-Babylon-TestTests-checkManifestLockResult.txt",
			);
			runOnlyForDeploymentPostprocessing = 0;
			shellPath = /bin/sh;
			shellScript = "diff \"${PODS_PODFILE_DIR_PATH}/Podfile.lock\" \"${PODS_ROOT}/Manifest.lock\" > /dev/null\nif [ $? != 0 ] ; then\n    # print error to STDERR\n    echo \"error: The sandbox is not in sync with the Podfile.lock. Run 'pod install' or update your CocoaPods installation.\" >&2\n    exit 1\nfi\n# This output is used by Xcode 'outputs' to avoid re-running this script phase.\necho \"SUCCESS\" > \"${SCRIPT_OUTPUT_FILE_0}\"\n";
			showEnvVarsInLog = 0;
		};
		90C04C413374ADE21949D674 /* [CP] Embed Pods Frameworks */ = {
			isa = PBXShellScriptBuildPhase;
			buildActionMask = 2147483647;
			files = (
			);
			inputFileListPaths = (
				"${PODS_ROOT}/Target Support Files/Pods-Demo-Babylon-Test/Pods-Demo-Babylon-Test-frameworks-${CONFIGURATION}-input-files.xcfilelist",
			);
			name = "[CP] Embed Pods Frameworks";
			outputFileListPaths = (
				"${PODS_ROOT}/Target Support Files/Pods-Demo-Babylon-Test/Pods-Demo-Babylon-Test-frameworks-${CONFIGURATION}-output-files.xcfilelist",
			);
			runOnlyForDeploymentPostprocessing = 0;
			shellPath = /bin/sh;
			shellScript = "\"${PODS_ROOT}/Target Support Files/Pods-Demo-Babylon-Test/Pods-Demo-Babylon-Test-frameworks.sh\"\n";
			showEnvVarsInLog = 0;
		};
		9B24A9CF6544371663E02AFA /* [CP] Check Pods Manifest.lock */ = {
			isa = PBXShellScriptBuildPhase;
			buildActionMask = 2147483647;
			files = (
			);
			inputFileListPaths = (
			);
			inputPaths = (
				"${PODS_PODFILE_DIR_PATH}/Podfile.lock",
				"${PODS_ROOT}/Manifest.lock",
			);
			name = "[CP] Check Pods Manifest.lock";
			outputFileListPaths = (
			);
			outputPaths = (
				"$(DERIVED_FILE_DIR)/Pods-Demo-Babylon-Test-checkManifestLockResult.txt",
			);
			runOnlyForDeploymentPostprocessing = 0;
			shellPath = /bin/sh;
			shellScript = "diff \"${PODS_PODFILE_DIR_PATH}/Podfile.lock\" \"${PODS_ROOT}/Manifest.lock\" > /dev/null\nif [ $? != 0 ] ; then\n    # print error to STDERR\n    echo \"error: The sandbox is not in sync with the Podfile.lock. Run 'pod install' or update your CocoaPods installation.\" >&2\n    exit 1\nfi\n# This output is used by Xcode 'outputs' to avoid re-running this script phase.\necho \"SUCCESS\" > \"${SCRIPT_OUTPUT_FILE_0}\"\n";
			showEnvVarsInLog = 0;
		};
/* End PBXShellScriptBuildPhase section */

/* Begin PBXSourcesBuildPhase section */
		D6BB055A233FA3EE00FA8953 /* Sources */ = {
			isa = PBXSourcesBuildPhase;
			buildActionMask = 2147483647;
			files = (
				D6BB058E233FD3A200FA8953 /* LoginPresenter.swift in Sources */,
				2D02CAF82348CBBA0078BE24 /* ListTableViewCell.swift in Sources */,
				D67E8F3D2340E44400C11C35 /* FirebaseManagerAuth.swift in Sources */,
				2D81071D2344F1DA00768D23 /* ForgottenPasswordViewController.swift in Sources */,
				D6BB0595233FE81100FA8953 /* RegisterPresenter.swift in Sources */,
				D6BB0591233FE6B800FA8953 /* RegisterViewController.swift in Sources */,
				2D810724234501F200768D23 /* BaseViewController.swift in Sources */,
				D6BB058A233FA57700FA8953 /* LoginViewController.swift in Sources */,
				D6BB0562233FA3EE00FA8953 /* AppDelegate.swift in Sources */,
				D69B21D9234541CD006C2030 /* ListTableViewController.swift in Sources */,
				D6BB0564233FA3EE00FA8953 /* SceneDelegate.swift in Sources */,
				2D3070C52345FA800023D8DB /* AddItemPresenter.swift in Sources */,
				2D3070BE2345F0850023D8DB /* FireBaseManager.swift in Sources */,
				2D02CAFC2348D3090078BE24 /* ListCellPresenter.swift in Sources */,
				2D3070C12345FA5F0023D8DB /* AddItemViewController.swift in Sources */,
				2D8107212344F5A900768D23 /* ForgottenPasswordPresenter.swift in Sources */,
			);
			runOnlyForDeploymentPostprocessing = 0;
		};
		D6BB0570233FA3F000FA8953 /* Sources */ = {
			isa = PBXSourcesBuildPhase;
			buildActionMask = 2147483647;
			files = (
				2D9E5EC123462A10003B4E5C /* LoginPresenterTest.swift in Sources */,
				D69B21E12347B05A006C2030 /* AddItemPresenterTest.swift in Sources */,
				2D9E5EC32346498F003B4E5C /* FireBaseManagerAuthMock.swift in Sources */,
				D69B21DF23479E12006C2030 /* ForgottenPasswordPresenterTest.swift in Sources */,
				D6BB0579233FA3F000FA8953 /* Demo_Babylon_TestTests.swift in Sources */,
				2D9E5EC523469A60003B4E5C /* RegisterPresenterTest.swift in Sources */,
			);
			runOnlyForDeploymentPostprocessing = 0;
		};
/* End PBXSourcesBuildPhase section */

/* Begin PBXTargetDependency section */
		D6BB0576233FA3F000FA8953 /* PBXTargetDependency */ = {
			isa = PBXTargetDependency;
			target = D6BB055D233FA3EE00FA8953 /* Demo-Babylon-Test */;
			targetProxy = D6BB0575233FA3F000FA8953 /* PBXContainerItemProxy */;
		};
/* End PBXTargetDependency section */

/* Begin PBXVariantGroup section */
		D6BB056C233FA3EF00FA8953 /* LaunchScreen.storyboard */ = {
			isa = PBXVariantGroup;
			children = (
				D6BB056D233FA3EF00FA8953 /* Base */,
			);
			name = LaunchScreen.storyboard;
			sourceTree = "<group>";
		};
/* End PBXVariantGroup section */

/* Begin XCBuildConfiguration section */
		D6BB057B233FA3F000FA8953 /* Debug */ = {
			isa = XCBuildConfiguration;
			buildSettings = {
				ALWAYS_SEARCH_USER_PATHS = NO;
				CLANG_ANALYZER_NONNULL = YES;
				CLANG_ANALYZER_NUMBER_OBJECT_CONVERSION = YES_AGGRESSIVE;
				CLANG_CXX_LANGUAGE_STANDARD = "gnu++14";
				CLANG_CXX_LIBRARY = "libc++";
				CLANG_ENABLE_MODULES = YES;
				CLANG_ENABLE_OBJC_ARC = YES;
				CLANG_ENABLE_OBJC_WEAK = YES;
				CLANG_WARN_BLOCK_CAPTURE_AUTORELEASING = YES;
				CLANG_WARN_BOOL_CONVERSION = YES;
				CLANG_WARN_COMMA = YES;
				CLANG_WARN_CONSTANT_CONVERSION = YES;
				CLANG_WARN_DEPRECATED_OBJC_IMPLEMENTATIONS = YES;
				CLANG_WARN_DIRECT_OBJC_ISA_USAGE = YES_ERROR;
				CLANG_WARN_DOCUMENTATION_COMMENTS = YES;
				CLANG_WARN_EMPTY_BODY = YES;
				CLANG_WARN_ENUM_CONVERSION = YES;
				CLANG_WARN_INFINITE_RECURSION = YES;
				CLANG_WARN_INT_CONVERSION = YES;
				CLANG_WARN_NON_LITERAL_NULL_CONVERSION = YES;
				CLANG_WARN_OBJC_IMPLICIT_RETAIN_SELF = YES;
				CLANG_WARN_OBJC_LITERAL_CONVERSION = YES;
				CLANG_WARN_OBJC_ROOT_CLASS = YES_ERROR;
				CLANG_WARN_RANGE_LOOP_ANALYSIS = YES;
				CLANG_WARN_STRICT_PROTOTYPES = YES;
				CLANG_WARN_SUSPICIOUS_MOVE = YES;
				CLANG_WARN_UNGUARDED_AVAILABILITY = YES_AGGRESSIVE;
				CLANG_WARN_UNREACHABLE_CODE = YES;
				CLANG_WARN__DUPLICATE_METHOD_MATCH = YES;
				COPY_PHASE_STRIP = NO;
				DEBUG_INFORMATION_FORMAT = dwarf;
				ENABLE_STRICT_OBJC_MSGSEND = YES;
				ENABLE_TESTABILITY = YES;
				GCC_C_LANGUAGE_STANDARD = gnu11;
				GCC_DYNAMIC_NO_PIC = NO;
				GCC_NO_COMMON_BLOCKS = YES;
				GCC_OPTIMIZATION_LEVEL = 0;
				GCC_PREPROCESSOR_DEFINITIONS = (
					"DEBUG=1",
					"$(inherited)",
				);
				GCC_WARN_64_TO_32_BIT_CONVERSION = YES;
				GCC_WARN_ABOUT_RETURN_TYPE = YES_ERROR;
				GCC_WARN_UNDECLARED_SELECTOR = YES;
				GCC_WARN_UNINITIALIZED_AUTOS = YES_AGGRESSIVE;
				GCC_WARN_UNUSED_FUNCTION = YES;
				GCC_WARN_UNUSED_VARIABLE = YES;
				IPHONEOS_DEPLOYMENT_TARGET = 13.0;
				MTL_ENABLE_DEBUG_INFO = INCLUDE_SOURCE;
				MTL_FAST_MATH = YES;
				ONLY_ACTIVE_ARCH = YES;
				SDKROOT = iphoneos;
				SWIFT_ACTIVE_COMPILATION_CONDITIONS = DEBUG;
				SWIFT_OPTIMIZATION_LEVEL = "-Onone";
			};
			name = Debug;
		};
		D6BB057C233FA3F000FA8953 /* Release */ = {
			isa = XCBuildConfiguration;
			buildSettings = {
				ALWAYS_SEARCH_USER_PATHS = NO;
				CLANG_ANALYZER_NONNULL = YES;
				CLANG_ANALYZER_NUMBER_OBJECT_CONVERSION = YES_AGGRESSIVE;
				CLANG_CXX_LANGUAGE_STANDARD = "gnu++14";
				CLANG_CXX_LIBRARY = "libc++";
				CLANG_ENABLE_MODULES = YES;
				CLANG_ENABLE_OBJC_ARC = YES;
				CLANG_ENABLE_OBJC_WEAK = YES;
				CLANG_WARN_BLOCK_CAPTURE_AUTORELEASING = YES;
				CLANG_WARN_BOOL_CONVERSION = YES;
				CLANG_WARN_COMMA = YES;
				CLANG_WARN_CONSTANT_CONVERSION = YES;
				CLANG_WARN_DEPRECATED_OBJC_IMPLEMENTATIONS = YES;
				CLANG_WARN_DIRECT_OBJC_ISA_USAGE = YES_ERROR;
				CLANG_WARN_DOCUMENTATION_COMMENTS = YES;
				CLANG_WARN_EMPTY_BODY = YES;
				CLANG_WARN_ENUM_CONVERSION = YES;
				CLANG_WARN_INFINITE_RECURSION = YES;
				CLANG_WARN_INT_CONVERSION = YES;
				CLANG_WARN_NON_LITERAL_NULL_CONVERSION = YES;
				CLANG_WARN_OBJC_IMPLICIT_RETAIN_SELF = YES;
				CLANG_WARN_OBJC_LITERAL_CONVERSION = YES;
				CLANG_WARN_OBJC_ROOT_CLASS = YES_ERROR;
				CLANG_WARN_RANGE_LOOP_ANALYSIS = YES;
				CLANG_WARN_STRICT_PROTOTYPES = YES;
				CLANG_WARN_SUSPICIOUS_MOVE = YES;
				CLANG_WARN_UNGUARDED_AVAILABILITY = YES_AGGRESSIVE;
				CLANG_WARN_UNREACHABLE_CODE = YES;
				CLANG_WARN__DUPLICATE_METHOD_MATCH = YES;
				COPY_PHASE_STRIP = NO;
				DEBUG_INFORMATION_FORMAT = "dwarf-with-dsym";
				ENABLE_NS_ASSERTIONS = NO;
				ENABLE_STRICT_OBJC_MSGSEND = YES;
				GCC_C_LANGUAGE_STANDARD = gnu11;
				GCC_NO_COMMON_BLOCKS = YES;
				GCC_WARN_64_TO_32_BIT_CONVERSION = YES;
				GCC_WARN_ABOUT_RETURN_TYPE = YES_ERROR;
				GCC_WARN_UNDECLARED_SELECTOR = YES;
				GCC_WARN_UNINITIALIZED_AUTOS = YES_AGGRESSIVE;
				GCC_WARN_UNUSED_FUNCTION = YES;
				GCC_WARN_UNUSED_VARIABLE = YES;
				IPHONEOS_DEPLOYMENT_TARGET = 13.0;
				MTL_ENABLE_DEBUG_INFO = NO;
				MTL_FAST_MATH = YES;
				SDKROOT = iphoneos;
				SWIFT_COMPILATION_MODE = wholemodule;
				SWIFT_OPTIMIZATION_LEVEL = "-O";
				VALIDATE_PRODUCT = YES;
			};
			name = Release;
		};
		D6BB057E233FA3F000FA8953 /* Debug */ = {
			isa = XCBuildConfiguration;
			baseConfigurationReference = 03325BD627BE7E6AC404A502 /* Pods-Demo-Babylon-Test.debug.xcconfig */;
			buildSettings = {
				ASSETCATALOG_COMPILER_APPICON_NAME = AppIcon;
				CODE_SIGN_STYLE = Automatic;
				DEVELOPMENT_TEAM = 43N6QXKADX;
				INFOPLIST_FILE = "Demo-Babylon-Test/Info.plist";
				LD_RUNPATH_SEARCH_PATHS = (
					"$(inherited)",
					"@executable_path/Frameworks",
				);
				PRODUCT_BUNDLE_IDENTIFIER = "antoine-simon.Demo-Babylon-Test";
				PRODUCT_NAME = "$(TARGET_NAME)";
				SWIFT_VERSION = 5.0;
				TARGETED_DEVICE_FAMILY = "1,2";
			};
			name = Debug;
		};
		D6BB057F233FA3F000FA8953 /* Release */ = {
			isa = XCBuildConfiguration;
			baseConfigurationReference = F7905B58A439621EF6DAA1ED /* Pods-Demo-Babylon-Test.release.xcconfig */;
			buildSettings = {
				ASSETCATALOG_COMPILER_APPICON_NAME = AppIcon;
				CODE_SIGN_STYLE = Automatic;
				DEVELOPMENT_TEAM = 43N6QXKADX;
				INFOPLIST_FILE = "Demo-Babylon-Test/Info.plist";
				LD_RUNPATH_SEARCH_PATHS = (
					"$(inherited)",
					"@executable_path/Frameworks",
				);
				PRODUCT_BUNDLE_IDENTIFIER = "antoine-simon.Demo-Babylon-Test";
				PRODUCT_NAME = "$(TARGET_NAME)";
				SWIFT_VERSION = 5.0;
				TARGETED_DEVICE_FAMILY = "1,2";
			};
			name = Release;
		};
		D6BB0581233FA3F000FA8953 /* Debug */ = {
			isa = XCBuildConfiguration;
			baseConfigurationReference = B748F096E125A6E48317523D /* Pods-Demo-Babylon-TestTests.debug.xcconfig */;
			buildSettings = {
				ALWAYS_EMBED_SWIFT_STANDARD_LIBRARIES = YES;
				BUNDLE_LOADER = "$(TEST_HOST)";
				CODE_SIGN_STYLE = Automatic;
				DEVELOPMENT_TEAM = 43N6QXKADX;
				INFOPLIST_FILE = "Demo-Babylon-TestTests/Info.plist";
				IPHONEOS_DEPLOYMENT_TARGET = 13.0;
				LD_RUNPATH_SEARCH_PATHS = (
					"$(inherited)",
					"@executable_path/Frameworks",
					"@loader_path/Frameworks",
				);
				PRODUCT_BUNDLE_IDENTIFIER = "antoine-simon.Demo-Babylon-TestTests";
				PRODUCT_NAME = "$(TARGET_NAME)";
				SWIFT_VERSION = 5.0;
				TARGETED_DEVICE_FAMILY = "1,2";
				TEST_HOST = "$(BUILT_PRODUCTS_DIR)/Demo-Babylon-Test.app/Demo-Babylon-Test";
			};
			name = Debug;
		};
		D6BB0582233FA3F000FA8953 /* Release */ = {
			isa = XCBuildConfiguration;
			baseConfigurationReference = D875AF601EC84ABB978C58DD /* Pods-Demo-Babylon-TestTests.release.xcconfig */;
			buildSettings = {
				ALWAYS_EMBED_SWIFT_STANDARD_LIBRARIES = YES;
				BUNDLE_LOADER = "$(TEST_HOST)";
				CODE_SIGN_STYLE = Automatic;
				DEVELOPMENT_TEAM = 43N6QXKADX;
				INFOPLIST_FILE = "Demo-Babylon-TestTests/Info.plist";
				IPHONEOS_DEPLOYMENT_TARGET = 13.0;
				LD_RUNPATH_SEARCH_PATHS = (
					"$(inherited)",
					"@executable_path/Frameworks",
					"@loader_path/Frameworks",
				);
				PRODUCT_BUNDLE_IDENTIFIER = "antoine-simon.Demo-Babylon-TestTests";
				PRODUCT_NAME = "$(TARGET_NAME)";
				SWIFT_VERSION = 5.0;
				TARGETED_DEVICE_FAMILY = "1,2";
				TEST_HOST = "$(BUILT_PRODUCTS_DIR)/Demo-Babylon-Test.app/Demo-Babylon-Test";
			};
			name = Release;
		};
/* End XCBuildConfiguration section */

/* Begin XCConfigurationList section */
		D6BB0559233FA3EE00FA8953 /* Build configuration list for PBXProject "Demo-Babylon-Test" */ = {
			isa = XCConfigurationList;
			buildConfigurations = (
				D6BB057B233FA3F000FA8953 /* Debug */,
				D6BB057C233FA3F000FA8953 /* Release */,
			);
			defaultConfigurationIsVisible = 0;
			defaultConfigurationName = Release;
		};
		D6BB057D233FA3F000FA8953 /* Build configuration list for PBXNativeTarget "Demo-Babylon-Test" */ = {
			isa = XCConfigurationList;
			buildConfigurations = (
				D6BB057E233FA3F000FA8953 /* Debug */,
				D6BB057F233FA3F000FA8953 /* Release */,
			);
			defaultConfigurationIsVisible = 0;
			defaultConfigurationName = Release;
		};
		D6BB0580233FA3F000FA8953 /* Build configuration list for PBXNativeTarget "Demo-Babylon-TestTests" */ = {
			isa = XCConfigurationList;
			buildConfigurations = (
				D6BB0581233FA3F000FA8953 /* Debug */,
				D6BB0582233FA3F000FA8953 /* Release */,
			);
			defaultConfigurationIsVisible = 0;
			defaultConfigurationName = Release;
		};
/* End XCConfigurationList section */
	};
	rootObject = D6BB0556233FA3EE00FA8953 /* Project object */;
}
